{
  "name": "viewer",
  "version": "1.0.0",
  "lockfileVersion": 3,
  "requires": true,
  "packages": {
    "": {
      "name": "viewer",
      "version": "1.0.0",
      "license": "ISC",
      "dependencies": {
        "mol-draw": "^1.0.16"
      }
    },
    "node_modules/mol-draw": {
      "version": "1.0.16",
      "resolved": "https://registry.npmjs.org/mol-draw/-/mol-draw-1.0.16.tgz",
      "integrity": "sha512-ui7dyxixiIlKL7A4ikUmdm6ieYwsYivJTPOJxnmkysbExv2DsgxNBAI6Ue3rLyFsXQhKTQXmF1LMSBAomqsOLQ==",
      "license": "MIT",
      "dependencies": {
        "three": "^0.117.1",
        "three-trackballcontrols": "^0.0.8"
      }
    },
    "node_modules/three": {
      "version": "0.117.1",
      "resolved": "https://registry.npmjs.org/three/-/three-0.117.1.tgz",
      "integrity": "sha512-t4zeJhlNzUIj9+ub0l6nICVimSuRTZJOqvk3Rmlu+YGdTOJ49Wna8p7aumpkXJakJfITiybfpYE1XN1o1Z34UQ==",
      "license": "MIT"
    },
    "node_modules/three-trackballcontrols": {
      "version": "0.0.8",
      "resolved": "https://registry.npmjs.org/three-trackballcontrols/-/three-trackballcontrols-0.0.8.tgz",
      "integrity": "sha512-9my4rB/ILaJw8E6khOcC6d8F8kEe6BvRtCer9bFJGZOh9txy4BqzwPrG7d8YCKK9MfcyTUoLsB5LKIsbtsZRTg==",
      "license": "MIT",
      "peerDependencies": {
        "three": ">= 0.86 <= 1.0"
      }
    }
  }
}
